<?xml version="1.0" encoding="utf-8"?>
<Project ToolsVersion="4.0" xmlns="http://schemas.microsoft.com/developer/msbuild/2003">
  <ItemGroup>
    <Filter Include="Shaders">
      <UniqueIdentifier>{74be2e15-653b-4214-a6f0-5ed617fa4c56}</UniqueIdentifier>
    </Filter>
    <Filter Include="src">
      <UniqueIdentifier>{b8f673a3-c841-44aa-8933-9e4233084f4a}</UniqueIdentifier>
    </Filter>
    <Filter Include="Source">
      <UniqueIdentifier>{a66310b7-de35-473a-ba9d-1b3579133d5a}</UniqueIdentifier>
    </Filter>
  </ItemGroup>
  <ItemGroup>
    <ClCompile Include="Source\App.cpp">
      <Filter>Source</Filter>
    </ClCompile>
    <ClCompile Include="Source\MainWin32.cpp">
      <Filter>Source</Filter>
    </ClCompile>
    <ClCompile Include="src\game.cpp">
      <Filter>src</Filter>
    </ClCompile>
    <ClCompile Include="src\win32_main.cpp">
      <Filter>src</Filter>
    </ClCompile>
  </ItemGroup>
  <ItemGroup>
    <ClInclude Include="Source\App.h">
      <Filter>Source</Filter>
    </ClInclude>
    <ClInclude Include="src\game.h">
      <Filter>src</Filter>
    </ClInclude>
  </ItemGroup>
  <ItemGroup>
    <Text Include="..\Todo.txt" />
  </ItemGroup>
  <ItemGroup>
    <None Include="..\Assets\Shaders\infinite-grid.ps.hlsl">
      <Filter>Shaders</Filter>
    </None>
    <None Include="..\Assets\Shaders\infinite-grid.vs.hlsl">
      <Filter>Shaders</Filter>
    </None>
    <None Include="..\Assets\Shaders\simple-diffuse.ps.hlsl">
      <Filter>Shaders</Filter>
    </None>
    <None Include="..\Assets\Shaders\simple-diffuse.vs.hlsl">
      <Filter>Shaders</Filter>
    </None>
    <None Include="..\Assets\Shaders\post-processing.cs.hlsl">
      <Filter>Shaders</Filter>
    </None>
  </ItemGroup>
</Project>