<?xml version="1.0" encoding="utf-8"?>
<Project ToolsVersion="4.0" xmlns="http://schemas.microsoft.com/developer/msbuild/2003">
  <ItemGroup>
    <Filter Include="src">
      <UniqueIdentifier>{b8f673a3-c841-44aa-8933-9e4233084f4a}</UniqueIdentifier>
    </Filter>
    <Filter Include="shaders">
      <UniqueIdentifier>{74be2e15-653b-4214-a6f0-5ed617fa4c56}</UniqueIdentifier>
    </Filter>
  </ItemGroup>
  <ItemGroup>
    <ClCompile Include="src\app.cpp">
      <Filter>src</Filter>
    </ClCompile>
    <ClCompile Include="src\win32_main.cpp">
      <Filter>src</Filter>
    </ClCompile>
  </ItemGroup>
  <ItemGroup>
    <ClInclude Include="src\app.h">
      <Filter>src</Filter>
    </ClInclude>
  </ItemGroup>
  <ItemGroup>
    <None Include="..\Assets\Shaders\infinite-grid.ps.hlsl">
      <Filter>shaders</Filter>
    </None>
    <None Include="..\Assets\Shaders\infinite-grid.vs.hlsl">
      <Filter>shaders</Filter>
    </None>
    <None Include="..\Assets\Shaders\post-processing.cs.hlsl">
      <Filter>shaders</Filter>
    </None>
    <None Include="..\Assets\Shaders\simple-material.ps.hlsl">
      <Filter>shaders</Filter>
    </None>
    <None Include="..\Assets\Shaders\simple-material.vs.hlsl">
      <Filter>shaders</Filter>
    </None>
    <None Include="..\Assets\Shaders\vertex-color-out.ps.hlsl">
      <Filter>shaders</Filter>
    </None>
    <None Include="..\Assets\Shaders\gizmo.ps.hlsl">
      <Filter>shaders</Filter>
    </None>
    <None Include="..\Assets\Shaders\gizmo.vs.hlsl">
      <Filter>shaders</Filter>
    </None>
  </ItemGroup>
  <ItemGroup>
    <Text Include="..\_todo.txt" />
  </ItemGroup>
</Project>