<?xml version="1.0" encoding="utf-8"?>
<Project ToolsVersion="4.0" xmlns="http://schemas.microsoft.com/developer/msbuild/2003">
  <ItemGroup>
    <Filter Include="src">
      <UniqueIdentifier>{b8f673a3-c841-44aa-8933-9e4233084f4a}</UniqueIdentifier>
    </Filter>
    <Filter Include="src\game">
      <UniqueIdentifier>{6764a1b8-0e73-4844-8a34-dd52a5191982}</UniqueIdentifier>
    </Filter>
    <Filter Include="raw_assets">
      <UniqueIdentifier>{0245ee57-9a0e-4179-a645-efca23cde71c}</UniqueIdentifier>
    </Filter>
    <Filter Include="raw_assets\shaders">
      <UniqueIdentifier>{c09487f4-dd85-4b22-bb13-5ac12c7aa25a}</UniqueIdentifier>
    </Filter>
  </ItemGroup>
  <ItemGroup>
    <Text Include="..\_todo.txt" />
  </ItemGroup>
  <ItemGroup>
    <ClCompile Include="src\game\game.cpp">
      <Filter>src\game</Filter>
    </ClCompile>
  </ItemGroup>
  <ItemGroup>
    <ClInclude Include="src\game\game.h">
      <Filter>src\game</Filter>
    </ClInclude>
  </ItemGroup>
</Project>